
Microsoft Visual Studio Solution File, Format Version 12.00
# Visual Studio Version 17
VisualStudioVersion = 17.5.33627.172
MinimumVisualStudioVersion = 10.0.40219.1
Project("{FAE04EC0-301F-11D3-BF4B-00C04F79EFBC}") = "Entities", "Entities\Entities.csproj", "{08CD4DF1-4CB5-49C9-A6F9-617AFF89ADE9}"
EndProject
Project("{FAE04EC0-301F-11D3-BF4B-00C04F79EFBC}") = "DataAccess", "DataAccess\DataAccess.csproj", "{FA9C85AA-10BD-46FF-B42D-7B894CE665BA}"
EndProject
Project("{FAE04EC0-301F-11D3-BF4B-00C04F79EFBC}") = "Business", "Business\Business.csproj", "{953ABE5E-279F-4432-904E-1333AD7308AB}"
EndProject
Project("{FAE04EC0-301F-11D3-BF4B-00C04F79EFBC}") = "Console", "Console\Console.csproj", "{67FB0519-1432-4702-A658-D7C7642A1297}"
EndProject
Global
	GlobalSection(SolutionConfigurationPlatforms) = preSolution
		Debug|Any CPU = Debug|Any CPU
		Release|Any CPU = Release|Any CPU
	EndGlobalSection
	GlobalSection(ProjectConfigurationPlatforms) = postSolution
		{08CD4DF1-4CB5-49C9-A6F9-617AFF89ADE9}.Debug|Any CPU.ActiveCfg = Debug|Any CPU
		{08CD4DF1-4CB5-49C9-A6F9-617AFF89ADE9}.Debug|Any CPU.Build.0 = Debug|Any CPU
		{08CD4DF1-4CB5-49C9-A6F9-617AFF89ADE9}.Release|Any CPU.ActiveCfg = Release|Any CPU
		{08CD4DF1-4CB5-49C9-A6F9-617AFF89ADE9}.Release|Any CPU.Build.0 = Release|Any CPU
		{FA9C85AA-10BD-46FF-B42D-7B894CE665BA}.Debug|Any CPU.ActiveCfg = Debug|Any CPU
		{FA9C85AA-10BD-46FF-B42D-7B894CE665BA}.Debug|Any CPU.Build.0 = Debug|Any CPU
		{FA9C85AA-10BD-46FF-B42D-7B894CE665BA}.Release|Any CPU.ActiveCfg = Release|Any CPU
		{FA9C85AA-10BD-46FF-B42D-7B894CE665BA}.Release|Any CPU.Build.0 = Release|Any CPU
		{953ABE5E-279F-4432-904E-1333AD7308AB}.Debug|Any CPU.ActiveCfg = Debug|Any CPU
		{953ABE5E-279F-4432-904E-1333AD7308AB}.Debug|Any CPU.Build.0 = Debug|Any CPU
		{953ABE5E-279F-4432-904E-1333AD7308AB}.Release|Any CPU.ActiveCfg = Release|Any CPU
		{953ABE5E-279F-4432-904E-1333AD7308AB}.Release|Any CPU.Build.0 = Release|Any CPU
		{67FB0519-1432-4702-A658-D7C7642A1297}.Debug|Any CPU.ActiveCfg = Debug|Any CPU
		{67FB0519-1432-4702-A658-D7C7642A1297}.Debug|Any CPU.Build.0 = Debug|Any CPU
		{67FB0519-1432-4702-A658-D7C7642A1297}.Release|Any CPU.ActiveCfg = Release|Any CPU
		{67FB0519-1432-4702-A658-D7C7642A1297}.Release|Any CPU.Build.0 = Release|Any CPU
	EndGlobalSection
	GlobalSection(SolutionProperties) = preSolution
		HideSolutionNode = FALSE
	EndGlobalSection
	GlobalSection(ExtensibilityGlobals) = postSolution
		SolutionGuid = {7B58A065-CFC4-45C3-B853-730B3A869B02}
	EndGlobalSection
EndGlobal
